
Microsoft Visual Studio Solution File, Format Version 12.00
# Visual Studio Version 17
VisualStudioVersion = 17.8.34408.163
MinimumVisualStudioVersion = 10.0.40219.1
Project("{FAE04EC0-301F-11D3-BF4B-00C04F79EFBC}") = "NpcEditor", "NpcEditor\NpcEditor.csproj", "{4EA1E4AE-E98A-477B-A4A6-F923EA042263}"
EndProject
Global
	GlobalSection(SolutionConfigurationPlatforms) = preSolution
		Debug|Any CPU = Debug|Any CPU
		Release|Any CPU = Release|Any CPU
	EndGlobalSection
	GlobalSection(ProjectConfigurationPlatforms) = postSolution
		{4EA1E4AE-E98A-477B-A4A6-F923EA042263}.Debug|Any CPU.ActiveCfg = Debug|Any CPU
		{4EA1E4AE-E98A-477B-A4A6-F923EA042263}.Debug|Any CPU.Build.0 = Debug|Any CPU
		{4EA1E4AE-E98A-477B-A4A6-F923EA042263}.Release|Any CPU.ActiveCfg = Release|Any CPU
		{4EA1E4AE-E98A-477B-A4A6-F923EA042263}.Release|Any CPU.Build.0 = Release|Any CPU
	EndGlobalSection
	GlobalSection(SolutionProperties) = preSolution
		HideSolutionNode = FALSE
	EndGlobalSection
	GlobalSection(ExtensibilityGlobals) = postSolution
		SolutionGuid = {48FFAE47-F345-449E-9793-61E812D99129}
	EndGlobalSection
EndGlobal
